
Microsoft Visual Studio Solution File, Format Version 12.00
# Visual Studio Version 17
VisualStudioVersion = 17.10.35122.118
MinimumVisualStudioVersion = 10.0.40219.1
Project("{9A19103F-16F7-4668-BE54-9A1E7A4F7556}") = "PD.IDP", "PD.IDP\PD.IDP.csproj", "{AB1F0837-0BE3-4FF9-B115-64416285FA8E}"
EndProject
Project("{9A19103F-16F7-4668-BE54-9A1E7A4F7556}") = "PD.IDP.TestClient", "PD.IDP.TestClient\PD.IDP.TestClient.csproj", "{4785BA3A-E986-40A3-A199-80EC7925ABF7}"
EndProject
Project("{2150E333-8FDC-42A3-9474-1A3956D46DE8}") = "Solution Items", "Solution Items", "{B1898855-A1F2-4B11-969B-D90FE10BC443}"
	ProjectSection(SolutionItems) = preProject
		.gitignore = .gitignore
	EndProjectSection
EndProject
Global
	GlobalSection(SolutionConfigurationPlatforms) = preSolution
		Debug|Any CPU = Debug|Any CPU
		Release|Any CPU = Release|Any CPU
	EndGlobalSection
	GlobalSection(ProjectConfigurationPlatforms) = postSolution
		{AB1F0837-0BE3-4FF9-B115-64416285FA8E}.Debug|Any CPU.ActiveCfg = Debug|Any CPU
		{AB1F0837-0BE3-4FF9-B115-64416285FA8E}.Debug|Any CPU.Build.0 = Debug|Any CPU
		{AB1F0837-0BE3-4FF9-B115-64416285FA8E}.Release|Any CPU.ActiveCfg = Release|Any CPU
		{AB1F0837-0BE3-4FF9-B115-64416285FA8E}.Release|Any CPU.Build.0 = Release|Any CPU
		{4785BA3A-E986-40A3-A199-80EC7925ABF7}.Debug|Any CPU.ActiveCfg = Debug|Any CPU
		{4785BA3A-E986-40A3-A199-80EC7925ABF7}.Debug|Any CPU.Build.0 = Debug|Any CPU
		{4785BA3A-E986-40A3-A199-80EC7925ABF7}.Release|Any CPU.ActiveCfg = Release|Any CPU
		{4785BA3A-E986-40A3-A199-80EC7925ABF7}.Release|Any CPU.Build.0 = Release|Any CPU
	EndGlobalSection
	GlobalSection(SolutionProperties) = preSolution
		HideSolutionNode = FALSE
	EndGlobalSection
	GlobalSection(ExtensibilityGlobals) = postSolution
		SolutionGuid = {AF8754EA-342F-491E-8045-6BA5237648F5}
	EndGlobalSection
EndGlobal
